<?xml version="1.0" encoding="utf-8"?>
<Project ToolsVersion="4.0" xmlns="http://schemas.microsoft.com/developer/msbuild/2003">
  <ItemGroup>
    <Filter Include="Source Files">
      <UniqueIdentifier>{4FC737F1-C7A5-4376-A066-2A32D752A2FF}</UniqueIdentifier>
      <Extensions>cpp;c;cc;cxx;def;odl;idl;hpj;bat;asm;asmx</Extensions>
    </Filter>
    <Filter Include="Header Files">
      <UniqueIdentifier>{93995380-89BD-4b04-88EB-625FBE52EBFB}</UniqueIdentifier>
      <Extensions>h;hh;hpp;hxx;hm;inl;inc;ipp;xsd</Extensions>
    </Filter>
    <Filter Include="Resource Files">
      <UniqueIdentifier>{67DA6AB6-F800-4c08-8B7A-83BB121AAD01}</UniqueIdentifier>
      <Extensions>rc;ico;cur;bmp;dlg;rc2;rct;bin;rgs;gif;jpg;jpeg;jpe;resx;tiff;tif;png;wav;mfcribbon-ms</Extensions>
    </Filter>
  </ItemGroup>
  <ItemGroup>
    <None Include="WidowTownsendsVisitor">
      <Filter>Resource Files</Filter>
    </None>
    <None Include="TheSongOfTheStar">
      <Filter>Resource Files</Filter>
    </None>
    <None Include="ThePeaceEgg">
      <Filter>Resource Files</Filter>
    </None>
    <None Include="ThePoorTraveler">
      <Filter>Resource Files</Filter>
    </None>
    <None Include="TheOldMansChristmas">
      <Filter>Resource Files</Filter>
    </None>
    <None Include="TheLegendOfTheChristmasTree">
      <Filter>Resource Files</Filter>
    </None>
    <None Include="TheFirstPuritanChristmasTree">
      <Filter>Resource Files</Filter>
    </None>
    <None Include="TheFirstChristmasInNewEngland">
      <Filter>Resource Files</Filter>
    </None>
    <None Include="TheChristmasPrincess">
      <Filter>Resource Files</Filter>
    </None>
    <None Include="TheChristmasGoblins">
      <Filter>Resource Files</Filter>
    </None>
    <None Include="TheChristmasBabe">
      <Filter>Resource Files</Filter>
    </None>
    <None Include="TheChimes">
      <Filter>Resource Files</Filter>
    </None>
    <None Include="MyChristmasDinner">
      <Filter>Resource Files</Filter>
    </None>
    <None Include="JoesSearchForSantaClaus">
      <Filter>Resource Files</Filter>
    </None>
    <None Include="IndianPetesChristmasGift">
      <Filter>Resource Files</Filter>
    </None>
    <None Include="ChristmasInPoganuc">
      <Filter>Resource Files</Filter>
    </None>
    <None Include="BillysSantaClausExperience">
      <Filter>Resource Files</Filter>
    </None>
    <None Include="AWesternChristmasInTheOldDays">
      <Filter>Resource Files</Filter>
    </None>
    <None Include="AngelasChristmas">
      <Filter>Resource Files</Filter>
    </None>
  </ItemGroup>
  <ItemGroup>
    <ClInclude Include="suffixboom.h">
      <Filter>Header Files</Filter>
    </ClInclude>
    <ClInclude Include="bitpatroon.h">
      <Filter>Header Files</Filter>
    </ClInclude>
  </ItemGroup>
  <ItemGroup>
    <ClCompile Include="main.cpp">
      <Filter>Source Files</Filter>
    </ClCompile>
  </ItemGroup>
  <ItemGroup>
    <Text Include="test.txt">
      <Filter>Resource Files</Filter>
    </Text>
  </ItemGroup>
</Project>