<?xml version="1.0" encoding="utf-8"?>
<Project ToolsVersion="4.0" xmlns="http://schemas.microsoft.com/developer/msbuild/2003">
  <ItemGroup>
    <Filter Include="Source Files">
      <UniqueIdentifier>{4FC737F1-C7A5-4376-A066-2A32D752A2FF}</UniqueIdentifier>
      <Extensions>cpp;c;cc;cxx;def;odl;idl;hpj;bat;asm;asmx</Extensions>
    </Filter>
    <Filter Include="Header Files">
      <UniqueIdentifier>{93995380-89BD-4b04-88EB-625FBE52EBFB}</UniqueIdentifier>
      <Extensions>h;hh;hpp;hxx;hm;inl;inc;ipp;xsd</Extensions>
    </Filter>
    <Filter Include="Resource Files">
      <UniqueIdentifier>{67DA6AB6-F800-4c08-8B7A-83BB121AAD01}</UniqueIdentifier>
      <Extensions>rc;ico;cur;bmp;dlg;rc2;rct;bin;rgs;gif;jpg;jpeg;jpe;resx;tiff;tif;png;wav;mfcribbon-ms</Extensions>
    </Filter>
    <Filter Include="Header Files\Trees">
      <UniqueIdentifier>{e76650b0-618a-44db-8e73-6e7244bd4439}</UniqueIdentifier>
    </Filter>
    <Filter Include="Source Files\Trees">
      <UniqueIdentifier>{fc69fd70-05df-460c-896d-7f00c3b35f5b}</UniqueIdentifier>
    </Filter>
    <Filter Include="Header Files\Heaps">
      <UniqueIdentifier>{4278dadc-fce5-4c9d-9c59-34ef7296516d}</UniqueIdentifier>
    </Filter>
    <Filter Include="Source Files\Heaps">
      <UniqueIdentifier>{ee41f27e-be1e-477b-a370-0238387019f1}</UniqueIdentifier>
    </Filter>
    <Filter Include="Header Files\Dynamic Programming">
      <UniqueIdentifier>{7eddc48d-c27c-432b-b587-ed6b6d48ddcc}</UniqueIdentifier>
    </Filter>
  </ItemGroup>
  <ItemGroup>
    <ClInclude Include="SplayTreeBottomUp.h">
      <Filter>Header Files\Trees</Filter>
    </ClInclude>
    <ClInclude Include="RedBlackTree.h">
      <Filter>Header Files\Trees</Filter>
    </ClInclude>
    <ClInclude Include="BinarySearchTree.h">
      <Filter>Header Files\Trees</Filter>
    </ClInclude>
    <ClInclude Include="PairingHeap.h">
      <Filter>Header Files\Heaps</Filter>
    </ClInclude>
    <ClInclude Include="DNASequence.h">
      <Filter>Header Files\Dynamic Programming</Filter>
    </ClInclude>
    <ClInclude Include="Bottling.h">
      <Filter>Header Files\Dynamic Programming</Filter>
    </ClInclude>
  </ItemGroup>
  <ItemGroup>
    <ClCompile Include="main.cpp">
      <Filter>Source Files</Filter>
    </ClCompile>
    <ClCompile Include="SplayTreeBottomUp.cpp">
      <Filter>Source Files\Trees</Filter>
    </ClCompile>
    <ClCompile Include="BinarySearchTree.cpp">
      <Filter>Source Files\Trees</Filter>
    </ClCompile>
    <ClCompile Include="PairingHeap.cpp">
      <Filter>Source Files\Heaps</Filter>
    </ClCompile>
  </ItemGroup>
  <ItemGroup>
    <None Include="human.dna">
      <Filter>Resource Files</Filter>
    </None>
    <None Include="chimp.dna">
      <Filter>Resource Files</Filter>
    </None>
  </ItemGroup>
</Project>